
Microsoft Visual Studio Solution File, Format Version 12.00
# Visual Studio 15
VisualStudioVersion = 15.0.28307.421
MinimumVisualStudioVersion = 10.0.40219.1
Project("{9A19103F-16F7-4668-BE54-9A1E7A4F7556}") = "IPTGram", "IPTGram.csproj", "{029C9143-DE26-4493-8C93-43C91052CEC5}"
EndProject
Global
	GlobalSection(SolutionConfigurationPlatforms) = preSolution
		Debug|Any CPU = Debug|Any CPU
		Release|Any CPU = Release|Any CPU
	EndGlobalSection
	GlobalSection(ProjectConfigurationPlatforms) = postSolution
		{029C9143-DE26-4493-8C93-43C91052CEC5}.Debug|Any CPU.ActiveCfg = Debug|Any CPU
		{029C9143-DE26-4493-8C93-43C91052CEC5}.Debug|Any CPU.Build.0 = Debug|Any CPU
		{029C9143-DE26-4493-8C93-43C91052CEC5}.Release|Any CPU.ActiveCfg = Release|Any CPU
		{029C9143-DE26-4493-8C93-43C91052CEC5}.Release|Any CPU.Build.0 = Release|Any CPU
	EndGlobalSection
	GlobalSection(SolutionProperties) = preSolution
		HideSolutionNode = FALSE
	EndGlobalSection
	GlobalSection(ExtensibilityGlobals) = postSolution
		SolutionGuid = {BEED7B84-6FED-4929-8FFB-72811E33CF05}
	EndGlobalSection
EndGlobal
